{
  "name": "entry",
  "version": "1.0.0",
  "lockfileVersion": 1,
  "requires": true,
  "dependencies": {
    "@ohos/material-card": {
      "version": "file:../materialcard"
    },
    "@ohos/material-select": {
      "version": "file:../materialselect"
    },
    "@ohos/materialtextfield": {
      "version": "file:../materialtextfield"
    }
  }
}
